{
  "pins" : [
    {
      "identity" : "swift-syntax",
      "kind" : "remoteSourceControl",
      "location" : "https://github.com/apple/swift-syntax",
      "state" : {
        "branch" : "main",
        "revision" : "43a7e2fd4a54b9d4d0416925a92e4a599802074d"
      }
    }
  ],
  "version" : 2
}
