{
  "pins" : [
    {
      "identity" : "swift-syntax",
      "kind" : "remoteSourceControl",
      "location" : "https://github.com/apple/swift-syntax",
      "state" : {
        "branch" : "main",
        "revision" : "8b8eb44a583e13ab32791595c118c346b1678c2d"
      }
    }
  ],
  "version" : 2
}
