{
  "pins" : [
    {
      "identity" : "swift-syntax",
      "kind" : "remoteSourceControl",
      "location" : "https://github.com/apple/swift-syntax",
      "state" : {
        "branch" : "main",
        "revision" : "05916332d79994097ed7780f2fe34d33b16ddd31"
      }
    }
  ],
  "version" : 2
}
